
Microsoft Visual Studio Solution File, Format Version 12.00
# Visual Studio 14
VisualStudioVersion = 14.0.23107.0
MinimumVisualStudioVersion = 10.0.40219.1
Project("{FAE04EC0-301F-11D3-BF4B-00C04F79EFBC}") = "GitCursus", "GitCursus\GitCursus.csproj", "{3F9D2254-9F13-452B-876C-618DAD66FA28}"
EndProject
Global
	GlobalSection(SolutionConfigurationPlatforms) = preSolution
		Debug|Any CPU = Debug|Any CPU
		Release|Any CPU = Release|Any CPU
	EndGlobalSection
	GlobalSection(ProjectConfigurationPlatforms) = postSolution
		{3F9D2254-9F13-452B-876C-618DAD66FA28}.Debug|Any CPU.ActiveCfg = Debug|Any CPU
		{3F9D2254-9F13-452B-876C-618DAD66FA28}.Debug|Any CPU.Build.0 = Debug|Any CPU
		{3F9D2254-9F13-452B-876C-618DAD66FA28}.Release|Any CPU.ActiveCfg = Release|Any CPU
		{3F9D2254-9F13-452B-876C-618DAD66FA28}.Release|Any CPU.Build.0 = Release|Any CPU
	EndGlobalSection
	GlobalSection(SolutionProperties) = preSolution
		HideSolutionNode = FALSE
	EndGlobalSection
EndGlobal
